
Microsoft Visual Studio Solution File, Format Version 12.00
# Visual Studio Version 17
VisualStudioVersion = 17.9.34714.143
MinimumVisualStudioVersion = 10.0.40219.1
Project("{FAE04EC0-301F-11D3-BF4B-00C04F79EFBC}") = "Response_Compression", "Response_Compression\Response_Compression.csproj", "{7F5670C0-C46C-4407-A6AF-14A25F982C60}"
EndProject
Global
	GlobalSection(SolutionConfigurationPlatforms) = preSolution
		Debug|Any CPU = Debug|Any CPU
		Release|Any CPU = Release|Any CPU
	EndGlobalSection
	GlobalSection(ProjectConfigurationPlatforms) = postSolution
		{7F5670C0-C46C-4407-A6AF-14A25F982C60}.Debug|Any CPU.ActiveCfg = Debug|Any CPU
		{7F5670C0-C46C-4407-A6AF-14A25F982C60}.Debug|Any CPU.Build.0 = Debug|Any CPU
		{7F5670C0-C46C-4407-A6AF-14A25F982C60}.Release|Any CPU.ActiveCfg = Release|Any CPU
		{7F5670C0-C46C-4407-A6AF-14A25F982C60}.Release|Any CPU.Build.0 = Release|Any CPU
	EndGlobalSection
	GlobalSection(SolutionProperties) = preSolution
		HideSolutionNode = FALSE
	EndGlobalSection
	GlobalSection(ExtensibilityGlobals) = postSolution
		SolutionGuid = {1654CDFD-13CA-40D7-8315-8A709233E52D}
	EndGlobalSection
EndGlobal
